
Microsoft Visual Studio Solution File, Format Version 12.00
# Visual Studio Version 17
VisualStudioVersion = 17.2.32526.322
MinimumVisualStudioVersion = 10.0.40219.1
Project("{FAE04EC0-301F-11D3-BF4B-00C04F79EFBC}") = "QuanlytiendienKH", "QuanlytiendienKH\QuanlytiendienKH.csproj", "{1C95279B-419C-4A3C-AC83-FB03A3A2A09B}"
EndProject
Global
	GlobalSection(SolutionConfigurationPlatforms) = preSolution
		Debug|Any CPU = Debug|Any CPU
		Release|Any CPU = Release|Any CPU
	EndGlobalSection
	GlobalSection(ProjectConfigurationPlatforms) = postSolution
		{1C95279B-419C-4A3C-AC83-FB03A3A2A09B}.Debug|Any CPU.ActiveCfg = Debug|Any CPU
		{1C95279B-419C-4A3C-AC83-FB03A3A2A09B}.Debug|Any CPU.Build.0 = Debug|Any CPU
		{1C95279B-419C-4A3C-AC83-FB03A3A2A09B}.Release|Any CPU.ActiveCfg = Release|Any CPU
		{1C95279B-419C-4A3C-AC83-FB03A3A2A09B}.Release|Any CPU.Build.0 = Release|Any CPU
	EndGlobalSection
	GlobalSection(SolutionProperties) = preSolution
		HideSolutionNode = FALSE
	EndGlobalSection
	GlobalSection(ExtensibilityGlobals) = postSolution
		SolutionGuid = {972CB81E-1DF9-4AB9-8A56-774328A683F5}
	EndGlobalSection
EndGlobal
